Microsoft Visual Studio Solution File, Format Version 12.00
# Visual Studio Version 16
VisualStudioVersion = 16.0.28527.54
MinimumVisualStudioVersion = 15.0.27130.2010
Project("{9A19103F-16F7-4668-BE54-9A1E7A4F7556}") = "Weavers", "Weavers\Weavers.csproj", "{480773F7-4696-4B7E-BE33-11005417BE13}"
EndProject
Project("{9A19103F-16F7-4668-BE54-9A1E7A4F7556}") = "Samples", "Samples\Samples.csproj", "{0442EB29-A385-41FD-BBBF-936C562235A8}"
	ProjectSection(ProjectDependencies) = postProject
		{480773F7-4696-4B7E-BE33-11005417BE13} = {480773F7-4696-4B7E-BE33-11005417BE13}
	EndProjectSection
EndProject
Project("{9A19103F-16F7-4668-BE54-9A1E7A4F7556}") = "InfoOfToReference", "InfoOfToReference\InfoOfToReference.csproj", "{550EA40C-E33E-479A-A32B-5BA880AFBEDA}"
EndProject
Project("{9A19103F-16F7-4668-BE54-9A1E7A4F7556}") = "CosturaSample", "CosturaSample\CosturaSample.csproj", "{8C6D118C-4FB5-4334-8DB7-BFEFADAC41F8}"
EndProject
Project("{9A19103F-16F7-4668-BE54-9A1E7A4F7556}") = "CosturaAssemblyToReference", "CosturaAssemblyToReference\CosturaAssemblyToReference.csproj", "{84D7F752-71BE-45D1-89B1-6514508CC5EA}"
EndProject
Project("{9A19103F-16F7-4668-BE54-9A1E7A4F7556}") = "NullGuardSample", "NullGuardSample\NullGuardSample.csproj", "{F82F7891-C5D2-4D02-A766-8ADEBAAE3DFF}"
EndProject
Project("{FAE04EC0-301F-11D3-BF4B-00C04F79EFBC}") = "OldProjectFormat", "OldProjectFormat\OldProjectFormat.csproj", "{200CE2D2-FE22-48BF-8F58-58B3B7FC1549}"
EndProject
Project("{9A19103F-16F7-4668-BE54-9A1E7A4F7556}") = "InlineILSample", "InlineILSample\InlineILSample.csproj", "{7931D18D-0C53-4037-9BDD-022BBD9BA1C2}"
EndProject
Project("{9A19103F-16F7-4668-BE54-9A1E7A4F7556}") = "JetBrainsAnnotationsSample", "JetBrainsAnnotationsSample\JetBrainsAnnotationsSample.csproj", "{FAE32BF7-275A-4268-B5F2-5E0942A1C01D}"
EndProject
Project("{9A19103F-16F7-4668-BE54-9A1E7A4F7556}") = "SubstituteSample", "SubstituteSample\SubstituteSample.csproj", "{59FBD0EE-8B35-4A6B-B7CE-CBF5B4189CC0}"
EndProject
Project("{9A19103F-16F7-4668-BE54-9A1E7A4F7556}") = "ThrottleSample", "ThrottleSample\ThrottleSample.csproj", "{F09643AC-3890-4E35-99FC-231809C55356}"
EndProject
Project("{9A19103F-16F7-4668-BE54-9A1E7A4F7556}") = "CatelSample", "CatelSample\CatelSample.csproj", "{8D381E80-E9BB-4B8E-AF8A-819C3534176C}"
EndProject
Project("{9A19103F-16F7-4668-BE54-9A1E7A4F7556}") = "AutoPropertiesSample", "AutoPropertiesSample\AutoPropertiesSample.csproj", "{8FE75191-0079-452F-B837-962FD23220E7}"
EndProject
Project("{9A19103F-16F7-4668-BE54-9A1E7A4F7556}") = "WeakEventHandlerSample", "WeakEventHandlerSample\WeakEventHandlerSample.csproj", "{578E811C-C350-4487-B3EE-1345FEC27B67}"
EndProject
Project("{9A19103F-16F7-4668-BE54-9A1E7A4F7556}") = "ToStringSample", "ToStringSample\ToStringSample.csproj", "{AF91A2D4-58D3-4772-A41A-7EF0139CD0F2}"
EndProject
Project("{9A19103F-16F7-4668-BE54-9A1E7A4F7556}") = "MimickSample", "MimickSample\MimickSample.csproj", "{C5BDEAA2-7DB7-45B1-B403-CB0FE7908130}"
EndProject
Project("{9A19103F-16F7-4668-BE54-9A1E7A4F7556}") = "InSolutionWeaving", "InSolutionWeaving\InSolutionWeaving.csproj", "{6E5EB9C2-705E-48F2-9A53-7957F33540B0}"
EndProject
Project("{FAE04EC0-301F-11D3-BF4B-00C04F79EFBC}") = "KasayDependencyPropertyUWPSample", "KasayDependencyPropertyUWPSample\KasayDependencyPropertyUWPSample.csproj", "{16C798AA-DBAB-4752-A055-68087BB5AAA2}"
EndProject
Global
	GlobalSection(SolutionConfigurationPlatforms) = preSolution
		Debug|Any CPU = Debug|Any CPU
		Debug|ARM = Debug|ARM
		Debug|ARM64 = Debug|ARM64
		Debug|x64 = Debug|x64
		Debug|x86 = Debug|x86
		Release|Any CPU = Release|Any CPU
		Release|ARM = Release|ARM
		Release|ARM64 = Release|ARM64
		Release|x64 = Release|x64
		Release|x86 = Release|x86
		ReleaseNetCore|Any CPU = ReleaseNetCore|Any CPU
		ReleaseNetCore|ARM = ReleaseNetCore|ARM
		ReleaseNetCore|ARM64 = ReleaseNetCore|ARM64
		ReleaseNetCore|x64 = ReleaseNetCore|x64
		ReleaseNetCore|x86 = ReleaseNetCore|x86
	EndGlobalSection
	GlobalSection(ProjectConfigurationPlatforms) = postSolution
		{480773F7-4696-4B7E-BE33-11005417BE13}.Debug|Any CPU.ActiveCfg = Debug|Any CPU
		{480773F7-4696-4B7E-BE33-11005417BE13}.Debug|Any CPU.Build.0 = Debug|Any CPU
		{480773F7-4696-4B7E-BE33-11005417BE13}.Debug|ARM.ActiveCfg = Debug|Any CPU
		{480773F7-4696-4B7E-BE33-11005417BE13}.Debug|ARM.Build.0 = Debug|Any CPU
		{480773F7-4696-4B7E-BE33-11005417BE13}.Debug|ARM64.ActiveCfg = Debug|Any CPU
		{480773F7-4696-4B7E-BE33-11005417BE13}.Debug|ARM64.Build.0 = Debug|Any CPU
		{480773F7-4696-4B7E-BE33-11005417BE13}.Debug|x64.ActiveCfg = Debug|Any CPU
		{480773F7-4696-4B7E-BE33-11005417BE13}.Debug|x64.Build.0 = Debug|Any CPU
		{480773F7-4696-4B7E-BE33-11005417BE13}.Debug|x86.ActiveCfg = Debug|Any CPU
		{480773F7-4696-4B7E-BE33-11005417BE13}.Debug|x86.Build.0 = Debug|Any CPU
		{480773F7-4696-4B7E-BE33-11005417BE13}.Release|Any CPU.ActiveCfg = Release|Any CPU
		{480773F7-4696-4B7E-BE33-11005417BE13}.Release|Any CPU.Build.0 = Release|Any CPU
		{480773F7-4696-4B7E-BE33-11005417BE13}.Release|ARM.ActiveCfg = Release|Any CPU
		{480773F7-4696-4B7E-BE33-11005417BE13}.Release|ARM.Build.0 = Release|Any CPU
		{480773F7-4696-4B7E-BE33-11005417BE13}.Release|ARM64.ActiveCfg = Release|Any CPU
		{480773F7-4696-4B7E-BE33-11005417BE13}.Release|ARM64.Build.0 = Release|Any CPU
		{480773F7-4696-4B7E-BE33-11005417BE13}.Release|x64.ActiveCfg = Release|Any CPU
		{480773F7-4696-4B7E-BE33-11005417BE13}.Release|x64.Build.0 = Release|Any CPU
		{480773F7-4696-4B7E-BE33-11005417BE13}.Release|x86.ActiveCfg = Release|Any CPU
		{480773F7-4696-4B7E-BE33-11005417BE13}.Release|x86.Build.0 = Release|Any CPU
		{480773F7-4696-4B7E-BE33-11005417BE13}.ReleaseNetCore|Any CPU.ActiveCfg = Release|Any CPU
		{480773F7-4696-4B7E-BE33-11005417BE13}.ReleaseNetCore|ARM.ActiveCfg = Release|Any CPU
		{480773F7-4696-4B7E-BE33-11005417BE13}.ReleaseNetCore|ARM.Build.0 = Release|Any CPU
		{480773F7-4696-4B7E-BE33-11005417BE13}.ReleaseNetCore|ARM64.ActiveCfg = Release|Any CPU
		{480773F7-4696-4B7E-BE33-11005417BE13}.ReleaseNetCore|ARM64.Build.0 = Release|Any CPU
		{480773F7-4696-4B7E-BE33-11005417BE13}.ReleaseNetCore|x64.ActiveCfg = Release|Any CPU
		{480773F7-4696-4B7E-BE33-11005417BE13}.ReleaseNetCore|x64.Build.0 = Release|Any CPU
		{480773F7-4696-4B7E-BE33-11005417BE13}.ReleaseNetCore|x86.ActiveCfg = Release|Any CPU
		{480773F7-4696-4B7E-BE33-11005417BE13}.ReleaseNetCore|x86.Build.0 = Release|Any CPU
		{0442EB29-A385-41FD-BBBF-936C562235A8}.Debug|Any CPU.ActiveCfg = Debug|Any CPU
		{0442EB29-A385-41FD-BBBF-936C562235A8}.Debug|Any CPU.Build.0 = Debug|Any CPU
		{0442EB29-A385-41FD-BBBF-936C562235A8}.Debug|ARM.ActiveCfg = Debug|Any CPU
		{0442EB29-A385-41FD-BBBF-936C562235A8}.Debug|ARM.Build.0 = Debug|Any CPU
		{0442EB29-A385-41FD-BBBF-936C562235A8}.Debug|ARM64.ActiveCfg = Debug|Any CPU
		{0442EB29-A385-41FD-BBBF-936C562235A8}.Debug|ARM64.Build.0 = Debug|Any CPU
		{0442EB29-A385-41FD-BBBF-936C562235A8}.Debug|x64.ActiveCfg = Debug|Any CPU
		{0442EB29-A385-41FD-BBBF-936C562235A8}.Debug|x64.Build.0 = Debug|Any CPU
		{0442EB29-A385-41FD-BBBF-936C562235A8}.Debug|x86.ActiveCfg = Debug|Any CPU
		{0442EB29-A385-41FD-BBBF-936C562235A8}.Debug|x86.Build.0 = Debug|Any CPU
		{0442EB29-A385-41FD-BBBF-936C562235A8}.Release|Any CPU.ActiveCfg = Release|Any CPU
		{0442EB29-A385-41FD-BBBF-936C562235A8}.Release|Any CPU.Build.0 = Release|Any CPU
		{0442EB29-A385-41FD-BBBF-936C562235A8}.Release|ARM.ActiveCfg = Release|Any CPU
		{0442EB29-A385-41FD-BBBF-936C562235A8}.Release|ARM.Build.0 = Release|Any CPU
		{0442EB29-A385-41FD-BBBF-936C562235A8}.Release|ARM64.ActiveCfg = Release|Any CPU
		{0442EB29-A385-41FD-BBBF-936C562235A8}.Release|ARM64.Build.0 = Release|Any CPU
		{0442EB29-A385-41FD-BBBF-936C562235A8}.Release|x64.ActiveCfg = Release|Any CPU
		{0442EB29-A385-41FD-BBBF-936C562235A8}.Release|x64.Build.0 = Release|Any CPU
		{0442EB29-A385-41FD-BBBF-936C562235A8}.Release|x86.ActiveCfg = Release|Any CPU
		{0442EB29-A385-41FD-BBBF-936C562235A8}.Release|x86.Build.0 = Release|Any CPU
		{0442EB29-A385-41FD-BBBF-936C562235A8}.ReleaseNetCore|Any CPU.ActiveCfg = Release|Any CPU
		{0442EB29-A385-41FD-BBBF-936C562235A8}.ReleaseNetCore|Any CPU.Build.0 = Release|Any CPU
		{0442EB29-A385-41FD-BBBF-936C562235A8}.ReleaseNetCore|ARM.ActiveCfg = Release|Any CPU
		{0442EB29-A385-41FD-BBBF-936C562235A8}.ReleaseNetCore|ARM.Build.0 = Release|Any CPU
		{0442EB29-A385-41FD-BBBF-936C562235A8}.ReleaseNetCore|ARM64.ActiveCfg = Release|Any CPU
		{0442EB29-A385-41FD-BBBF-936C562235A8}.ReleaseNetCore|ARM64.Build.0 = Release|Any CPU
		{0442EB29-A385-41FD-BBBF-936C562235A8}.ReleaseNetCore|x64.ActiveCfg = Release|Any CPU
		{0442EB29-A385-41FD-BBBF-936C562235A8}.ReleaseNetCore|x64.Build.0 = Release|Any CPU
		{0442EB29-A385-41FD-BBBF-936C562235A8}.ReleaseNetCore|x86.ActiveCfg = Release|Any CPU
		{0442EB29-A385-41FD-BBBF-936C562235A8}.ReleaseNetCore|x86.Build.0 = Release|Any CPU
		{550EA40C-E33E-479A-A32B-5BA880AFBEDA}.Debug|Any CPU.ActiveCfg = Debug|Any CPU
		{550EA40C-E33E-479A-A32B-5BA880AFBEDA}.Debug|Any CPU.Build.0 = Debug|Any CPU
		{550EA40C-E33E-479A-A32B-5BA880AFBEDA}.Debug|ARM.ActiveCfg = Debug|Any CPU
		{550EA40C-E33E-479A-A32B-5BA880AFBEDA}.Debug|ARM.Build.0 = Debug|Any CPU
		{550EA40C-E33E-479A-A32B-5BA880AFBEDA}.Debug|ARM64.ActiveCfg = Debug|Any CPU
		{550EA40C-E33E-479A-A32B-5BA880AFBEDA}.Debug|ARM64.Build.0 = Debug|Any CPU
		{550EA40C-E33E-479A-A32B-5BA880AFBEDA}.Debug|x64.ActiveCfg = Debug|Any CPU
		{550EA40C-E33E-479A-A32B-5BA880AFBEDA}.Debug|x64.Build.0 = Debug|Any CPU
		{550EA40C-E33E-479A-A32B-5BA880AFBEDA}.Debug|x86.ActiveCfg = Debug|Any CPU
		{550EA40C-E33E-479A-A32B-5BA880AFBEDA}.Debug|x86.Build.0 = Debug|Any CPU
		{550EA40C-E33E-479A-A32B-5BA880AFBEDA}.Release|Any CPU.ActiveCfg = Release|Any CPU
		{550EA40C-E33E-479A-A32B-5BA880AFBEDA}.Release|Any CPU.Build.0 = Release|Any CPU
		{550EA40C-E33E-479A-A32B-5BA880AFBEDA}.Release|ARM.ActiveCfg = Release|Any CPU
		{550EA40C-E33E-479A-A32B-5BA880AFBEDA}.Release|ARM.Build.0 = Release|Any CPU
		{550EA40C-E33E-479A-A32B-5BA880AFBEDA}.Release|ARM64.ActiveCfg = Release|Any CPU
		{550EA40C-E33E-479A-A32B-5BA880AFBEDA}.Release|ARM64.Build.0 = Release|Any CPU
		{550EA40C-E33E-479A-A32B-5BA880AFBEDA}.Release|x64.ActiveCfg = Release|Any CPU
		{550EA40C-E33E-479A-A32B-5BA880AFBEDA}.Release|x64.Build.0 = Release|Any CPU
		{550EA40C-E33E-479A-A32B-5BA880AFBEDA}.Release|x86.ActiveCfg = Release|Any CPU
		{550EA40C-E33E-479A-A32B-5BA880AFBEDA}.Release|x86.Build.0 = Release|Any CPU
		{550EA40C-E33E-479A-A32B-5BA880AFBEDA}.ReleaseNetCore|Any CPU.ActiveCfg = Release|Any CPU
		{550EA40C-E33E-479A-A32B-5BA880AFBEDA}.ReleaseNetCore|Any CPU.Build.0 = Release|Any CPU
		{550EA40C-E33E-479A-A32B-5BA880AFBEDA}.ReleaseNetCore|ARM.ActiveCfg = Release|Any CPU
		{550EA40C-E33E-479A-A32B-5BA880AFBEDA}.ReleaseNetCore|ARM.Build.0 = Release|Any CPU
		{550EA40C-E33E-479A-A32B-5BA880AFBEDA}.ReleaseNetCore|ARM64.ActiveCfg = Release|Any CPU
		{550EA40C-E33E-479A-A32B-5BA880AFBEDA}.ReleaseNetCore|ARM64.Build.0 = Release|Any CPU
		{550EA40C-E33E-479A-A32B-5BA880AFBEDA}.ReleaseNetCore|x64.ActiveCfg = Release|Any CPU
		{550EA40C-E33E-479A-A32B-5BA880AFBEDA}.ReleaseNetCore|x64.Build.0 = Release|Any CPU
		{550EA40C-E33E-479A-A32B-5BA880AFBEDA}.ReleaseNetCore|x86.ActiveCfg = Release|Any CPU
		{550EA40C-E33E-479A-A32B-5BA880AFBEDA}.ReleaseNetCore|x86.Build.0 = Release|Any CPU
		{8C6D118C-4FB5-4334-8DB7-BFEFADAC41F8}.Debug|Any CPU.ActiveCfg = Debug|Any CPU
		{8C6D118C-4FB5-4334-8DB7-BFEFADAC41F8}.Debug|Any CPU.Build.0 = Debug|Any CPU
		{8C6D118C-4FB5-4334-8DB7-BFEFADAC41F8}.Debug|ARM.ActiveCfg = Debug|Any CPU
		{8C6D118C-4FB5-4334-8DB7-BFEFADAC41F8}.Debug|ARM.Build.0 = Debug|Any CPU
		{8C6D118C-4FB5-4334-8DB7-BFEFADAC41F8}.Debug|ARM64.ActiveCfg = Debug|Any CPU
		{8C6D118C-4FB5-4334-8DB7-BFEFADAC41F8}.Debug|ARM64.Build.0 = Debug|Any CPU
		{8C6D118C-4FB5-4334-8DB7-BFEFADAC41F8}.Debug|x64.ActiveCfg = Debug|Any CPU
		{8C6D118C-4FB5-4334-8DB7-BFEFADAC41F8}.Debug|x64.Build.0 = Debug|Any CPU
		{8C6D118C-4FB5-4334-8DB7-BFEFADAC41F8}.Debug|x86.ActiveCfg = Debug|Any CPU
		{8C6D118C-4FB5-4334-8DB7-BFEFADAC41F8}.Debug|x86.Build.0 = Debug|Any CPU
		{8C6D118C-4FB5-4334-8DB7-BFEFADAC41F8}.Release|Any CPU.ActiveCfg = Release|Any CPU
		{8C6D118C-4FB5-4334-8DB7-BFEFADAC41F8}.Release|Any CPU.Build.0 = Release|Any CPU
		{8C6D118C-4FB5-4334-8DB7-BFEFADAC41F8}.Release|ARM.ActiveCfg = Release|Any CPU
		{8C6D118C-4FB5-4334-8DB7-BFEFADAC41F8}.Release|ARM.Build.0 = Release|Any CPU
		{8C6D118C-4FB5-4334-8DB7-BFEFADAC41F8}.Release|ARM64.ActiveCfg = Release|Any CPU
		{8C6D118C-4FB5-4334-8DB7-BFEFADAC41F8}.Release|ARM64.Build.0 = Release|Any CPU
		{8C6D118C-4FB5-4334-8DB7-BFEFADAC41F8}.Release|x64.ActiveCfg = Release|Any CPU
		{8C6D118C-4FB5-4334-8DB7-BFEFADAC41F8}.Release|x64.Build.0 = Release|Any CPU
		{8C6D118C-4FB5-4334-8DB7-BFEFADAC41F8}.Release|x86.ActiveCfg = Release|Any CPU
		{8C6D118C-4FB5-4334-8DB7-BFEFADAC41F8}.Release|x86.Build.0 = Release|Any CPU
		{8C6D118C-4FB5-4334-8DB7-BFEFADAC41F8}.ReleaseNetCore|Any CPU.ActiveCfg = Release|Any CPU
		{8C6D118C-4FB5-4334-8DB7-BFEFADAC41F8}.ReleaseNetCore|ARM.ActiveCfg = Release|Any CPU
		{8C6D118C-4FB5-4334-8DB7-BFEFADAC41F8}.ReleaseNetCore|ARM.Build.0 = Release|Any CPU
		{8C6D118C-4FB5-4334-8DB7-BFEFADAC41F8}.ReleaseNetCore|ARM64.ActiveCfg = Release|Any CPU
		{8C6D118C-4FB5-4334-8DB7-BFEFADAC41F8}.ReleaseNetCore|ARM64.Build.0 = Release|Any CPU
		{8C6D118C-4FB5-4334-8DB7-BFEFADAC41F8}.ReleaseNetCore|x64.ActiveCfg = Release|Any CPU
		{8C6D118C-4FB5-4334-8DB7-BFEFADAC41F8}.ReleaseNetCore|x64.Build.0 = Release|Any CPU
		{8C6D118C-4FB5-4334-8DB7-BFEFADAC41F8}.ReleaseNetCore|x86.ActiveCfg = Release|Any CPU
		{8C6D118C-4FB5-4334-8DB7-BFEFADAC41F8}.ReleaseNetCore|x86.Build.0 = Release|Any CPU
		{84D7F752-71BE-45D1-89B1-6514508CC5EA}.Debug|Any CPU.ActiveCfg = Debug|Any CPU
		{84D7F752-71BE-45D1-89B1-6514508CC5EA}.Debug|Any CPU.Build.0 = Debug|Any CPU
		{84D7F752-71BE-45D1-89B1-6514508CC5EA}.Debug|ARM.ActiveCfg = Debug|Any CPU
		{84D7F752-71BE-45D1-89B1-6514508CC5EA}.Debug|ARM.Build.0 = Debug|Any CPU
		{84D7F752-71BE-45D1-89B1-6514508CC5EA}.Debug|ARM64.ActiveCfg = Debug|Any CPU
		{84D7F752-71BE-45D1-89B1-6514508CC5EA}.Debug|ARM64.Build.0 = Debug|Any CPU
		{84D7F752-71BE-45D1-89B1-6514508CC5EA}.Debug|x64.ActiveCfg = Debug|Any CPU
		{84D7F752-71BE-45D1-89B1-6514508CC5EA}.Debug|x64.Build.0 = Debug|Any CPU
		{84D7F752-71BE-45D1-89B1-6514508CC5EA}.Debug|x86.ActiveCfg = Debug|Any CPU
		{84D7F752-71BE-45D1-89B1-6514508CC5EA}.Debug|x86.Build.0 = Debug|Any CPU
		{84D7F752-71BE-45D1-89B1-6514508CC5EA}.Release|Any CPU.ActiveCfg = Release|Any CPU
		{84D7F752-71BE-45D1-89B1-6514508CC5EA}.Release|Any CPU.Build.0 = Release|Any CPU
		{84D7F752-71BE-45D1-89B1-6514508CC5EA}.Release|ARM.ActiveCfg = Release|Any CPU
		{84D7F752-71BE-45D1-89B1-6514508CC5EA}.Release|ARM.Build.0 = Release|Any CPU
		{84D7F752-71BE-45D1-89B1-6514508CC5EA}.Release|ARM64.ActiveCfg = Release|Any CPU
		{84D7F752-71BE-45D1-89B1-6514508CC5EA}.Release|ARM64.Build.0 = Release|Any CPU
		{84D7F752-71BE-45D1-89B1-6514508CC5EA}.Release|x64.ActiveCfg = Release|Any CPU
		{84D7F752-71BE-45D1-89B1-6514508CC5EA}.Release|x64.Build.0 = Release|Any CPU
		{84D7F752-71BE-45D1-89B1-6514508CC5EA}.Release|x86.ActiveCfg = Release|Any CPU
		{84D7F752-71BE-45D1-89B1-6514508CC5EA}.Release|x86.Build.0 = Release|Any CPU
		{84D7F752-71BE-45D1-89B1-6514508CC5EA}.ReleaseNetCore|Any CPU.ActiveCfg = Release|Any CPU
		{84D7F752-71BE-45D1-89B1-6514508CC5EA}.ReleaseNetCore|ARM.ActiveCfg = Release|Any CPU
		{84D7F752-71BE-45D1-89B1-6514508CC5EA}.ReleaseNetCore|ARM.Build.0 = Release|Any CPU
		{84D7F752-71BE-45D1-89B1-6514508CC5EA}.ReleaseNetCore|ARM64.ActiveCfg = Release|Any CPU
		{84D7F752-71BE-45D1-89B1-6514508CC5EA}.ReleaseNetCore|ARM64.Build.0 = Release|Any CPU
		{84D7F752-71BE-45D1-89B1-6514508CC5EA}.ReleaseNetCore|x64.ActiveCfg = Release|Any CPU
		{84D7F752-71BE-45D1-89B1-6514508CC5EA}.ReleaseNetCore|x64.Build.0 = Release|Any CPU
		{84D7F752-71BE-45D1-89B1-6514508CC5EA}.ReleaseNetCore|x86.ActiveCfg = Release|Any CPU
		{84D7F752-71BE-45D1-89B1-6514508CC5EA}.ReleaseNetCore|x86.Build.0 = Release|Any CPU
		{F82F7891-C5D2-4D02-A766-8ADEBAAE3DFF}.Debug|Any CPU.ActiveCfg = Debug|Any CPU
		{F82F7891-C5D2-4D02-A766-8ADEBAAE3DFF}.Debug|Any CPU.Build.0 = Debug|Any CPU
		{F82F7891-C5D2-4D02-A766-8ADEBAAE3DFF}.Debug|ARM.ActiveCfg = Debug|Any CPU
		{F82F7891-C5D2-4D02-A766-8ADEBAAE3DFF}.Debug|ARM.Build.0 = Debug|Any CPU
		{F82F7891-C5D2-4D02-A766-8ADEBAAE3DFF}.Debug|ARM64.ActiveCfg = Debug|Any CPU
		{F82F7891-C5D2-4D02-A766-8ADEBAAE3DFF}.Debug|ARM64.Build.0 = Debug|Any CPU
		{F82F7891-C5D2-4D02-A766-8ADEBAAE3DFF}.Debug|x64.ActiveCfg = Debug|Any CPU
		{F82F7891-C5D2-4D02-A766-8ADEBAAE3DFF}.Debug|x64.Build.0 = Debug|Any CPU
		{F82F7891-C5D2-4D02-A766-8ADEBAAE3DFF}.Debug|x86.ActiveCfg = Debug|Any CPU
		{F82F7891-C5D2-4D02-A766-8ADEBAAE3DFF}.Debug|x86.Build.0 = Debug|Any CPU
		{F82F7891-C5D2-4D02-A766-8ADEBAAE3DFF}.Release|Any CPU.ActiveCfg = Release|Any CPU
		{F82F7891-C5D2-4D02-A766-8ADEBAAE3DFF}.Release|Any CPU.Build.0 = Release|Any CPU
		{F82F7891-C5D2-4D02-A766-8ADEBAAE3DFF}.Release|ARM.ActiveCfg = Release|Any CPU
		{F82F7891-C5D2-4D02-A766-8ADEBAAE3DFF}.Release|ARM.Build.0 = Release|Any CPU
		{F82F7891-C5D2-4D02-A766-8ADEBAAE3DFF}.Release|ARM64.ActiveCfg = Release|Any CPU
		{F82F7891-C5D2-4D02-A766-8ADEBAAE3DFF}.Release|ARM64.Build.0 = Release|Any CPU
		{F82F7891-C5D2-4D02-A766-8ADEBAAE3DFF}.Release|x64.ActiveCfg = Release|Any CPU
		{F82F7891-C5D2-4D02-A766-8ADEBAAE3DFF}.Release|x64.Build.0 = Release|Any CPU
		{F82F7891-C5D2-4D02-A766-8ADEBAAE3DFF}.Release|x86.ActiveCfg = Release|Any CPU
		{F82F7891-C5D2-4D02-A766-8ADEBAAE3DFF}.Release|x86.Build.0 = Release|Any CPU
		{F82F7891-C5D2-4D02-A766-8ADEBAAE3DFF}.ReleaseNetCore|Any CPU.ActiveCfg = Release|Any CPU
		{F82F7891-C5D2-4D02-A766-8ADEBAAE3DFF}.ReleaseNetCore|Any CPU.Build.0 = Release|Any CPU
		{F82F7891-C5D2-4D02-A766-8ADEBAAE3DFF}.ReleaseNetCore|ARM.ActiveCfg = Release|Any CPU
		{F82F7891-C5D2-4D02-A766-8ADEBAAE3DFF}.ReleaseNetCore|ARM.Build.0 = Release|Any CPU
		{F82F7891-C5D2-4D02-A766-8ADEBAAE3DFF}.ReleaseNetCore|ARM64.ActiveCfg = Release|Any CPU
		{F82F7891-C5D2-4D02-A766-8ADEBAAE3DFF}.ReleaseNetCore|ARM64.Build.0 = Release|Any CPU
		{F82F7891-C5D2-4D02-A766-8ADEBAAE3DFF}.ReleaseNetCore|x64.ActiveCfg = Release|Any CPU
		{F82F7891-C5D2-4D02-A766-8ADEBAAE3DFF}.ReleaseNetCore|x64.Build.0 = Release|Any CPU
		{F82F7891-C5D2-4D02-A766-8ADEBAAE3DFF}.ReleaseNetCore|x86.ActiveCfg = Release|Any CPU
		{F82F7891-C5D2-4D02-A766-8ADEBAAE3DFF}.ReleaseNetCore|x86.Build.0 = Release|Any CPU
		{200CE2D2-FE22-48BF-8F58-58B3B7FC1549}.Debug|Any CPU.ActiveCfg = Debug|Any CPU
		{200CE2D2-FE22-48BF-8F58-58B3B7FC1549}.Debug|Any CPU.Build.0 = Debug|Any CPU
		{200CE2D2-FE22-48BF-8F58-58B3B7FC1549}.Debug|ARM.ActiveCfg = Debug|Any CPU
		{200CE2D2-FE22-48BF-8F58-58B3B7FC1549}.Debug|ARM.Build.0 = Debug|Any CPU
		{200CE2D2-FE22-48BF-8F58-58B3B7FC1549}.Debug|ARM64.ActiveCfg = Debug|Any CPU
		{200CE2D2-FE22-48BF-8F58-58B3B7FC1549}.Debug|ARM64.Build.0 = Debug|Any CPU
		{200CE2D2-FE22-48BF-8F58-58B3B7FC1549}.Debug|x64.ActiveCfg = Debug|Any CPU
		{200CE2D2-FE22-48BF-8F58-58B3B7FC1549}.Debug|x64.Build.0 = Debug|Any CPU
		{200CE2D2-FE22-48BF-8F58-58B3B7FC1549}.Debug|x86.ActiveCfg = Debug|Any CPU
		{200CE2D2-FE22-48BF-8F58-58B3B7FC1549}.Debug|x86.Build.0 = Debug|Any CPU
		{200CE2D2-FE22-48BF-8F58-58B3B7FC1549}.Release|Any CPU.ActiveCfg = Release|Any CPU
		{200CE2D2-FE22-48BF-8F58-58B3B7FC1549}.Release|Any CPU.Build.0 = Release|Any CPU
		{200CE2D2-FE22-48BF-8F58-58B3B7FC1549}.Release|ARM.ActiveCfg = Release|Any CPU
		{200CE2D2-FE22-48BF-8F58-58B3B7FC1549}.Release|ARM.Build.0 = Release|Any CPU
		{200CE2D2-FE22-48BF-8F58-58B3B7FC1549}.Release|ARM64.ActiveCfg = Release|Any CPU
		{200CE2D2-FE22-48BF-8F58-58B3B7FC1549}.Release|ARM64.Build.0 = Release|Any CPU
		{200CE2D2-FE22-48BF-8F58-58B3B7FC1549}.Release|x64.ActiveCfg = Release|Any CPU
		{200CE2D2-FE22-48BF-8F58-58B3B7FC1549}.Release|x64.Build.0 = Release|Any CPU
		{200CE2D2-FE22-48BF-8F58-58B3B7FC1549}.Release|x86.ActiveCfg = Release|Any CPU
		{200CE2D2-FE22-48BF-8F58-58B3B7FC1549}.Release|x86.Build.0 = Release|Any CPU
		{200CE2D2-FE22-48BF-8F58-58B3B7FC1549}.ReleaseNetCore|Any CPU.ActiveCfg = Release|Any CPU
		{200CE2D2-FE22-48BF-8F58-58B3B7FC1549}.ReleaseNetCore|ARM.ActiveCfg = Release|Any CPU
		{200CE2D2-FE22-48BF-8F58-58B3B7FC1549}.ReleaseNetCore|ARM.Build.0 = Release|Any CPU
		{200CE2D2-FE22-48BF-8F58-58B3B7FC1549}.ReleaseNetCore|ARM64.ActiveCfg = Release|Any CPU
		{200CE2D2-FE22-48BF-8F58-58B3B7FC1549}.ReleaseNetCore|ARM64.Build.0 = Release|Any CPU
		{200CE2D2-FE22-48BF-8F58-58B3B7FC1549}.ReleaseNetCore|x64.ActiveCfg = Release|Any CPU
		{200CE2D2-FE22-48BF-8F58-58B3B7FC1549}.ReleaseNetCore|x64.Build.0 = Release|Any CPU
		{200CE2D2-FE22-48BF-8F58-58B3B7FC1549}.ReleaseNetCore|x86.ActiveCfg = Release|Any CPU
		{200CE2D2-FE22-48BF-8F58-58B3B7FC1549}.ReleaseNetCore|x86.Build.0 = Release|Any CPU
		{7931D18D-0C53-4037-9BDD-022BBD9BA1C2}.Debug|Any CPU.ActiveCfg = Debug|Any CPU
		{7931D18D-0C53-4037-9BDD-022BBD9BA1C2}.Debug|Any CPU.Build.0 = Debug|Any CPU
		{7931D18D-0C53-4037-9BDD-022BBD9BA1C2}.Debug|ARM.ActiveCfg = Debug|Any CPU
		{7931D18D-0C53-4037-9BDD-022BBD9BA1C2}.Debug|ARM.Build.0 = Debug|Any CPU
		{7931D18D-0C53-4037-9BDD-022BBD9BA1C2}.Debug|ARM64.ActiveCfg = Debug|Any CPU
		{7931D18D-0C53-4037-9BDD-022BBD9BA1C2}.Debug|ARM64.Build.0 = Debug|Any CPU
		{7931D18D-0C53-4037-9BDD-022BBD9BA1C2}.Debug|x64.ActiveCfg = Debug|Any CPU
		{7931D18D-0C53-4037-9BDD-022BBD9BA1C2}.Debug|x64.Build.0 = Debug|Any CPU
		{7931D18D-0C53-4037-9BDD-022BBD9BA1C2}.Debug|x86.ActiveCfg = Debug|Any CPU
		{7931D18D-0C53-4037-9BDD-022BBD9BA1C2}.Debug|x86.Build.0 = Debug|Any CPU
		{7931D18D-0C53-4037-9BDD-022BBD9BA1C2}.Release|Any CPU.ActiveCfg = Release|Any CPU
		{7931D18D-0C53-4037-9BDD-022BBD9BA1C2}.Release|Any CPU.Build.0 = Release|Any CPU
		{7931D18D-0C53-4037-9BDD-022BBD9BA1C2}.Release|ARM.ActiveCfg = Release|Any CPU
		{7931D18D-0C53-4037-9BDD-022BBD9BA1C2}.Release|ARM.Build.0 = Release|Any CPU
		{7931D18D-0C53-4037-9BDD-022BBD9BA1C2}.Release|ARM64.ActiveCfg = Release|Any CPU
		{7931D18D-0C53-4037-9BDD-022BBD9BA1C2}.Release|ARM64.Build.0 = Release|Any CPU
		{7931D18D-0C53-4037-9BDD-022BBD9BA1C2}.Release|x64.ActiveCfg = Release|Any CPU
		{7931D18D-0C53-4037-9BDD-022BBD9BA1C2}.Release|x64.Build.0 = Release|Any CPU
		{7931D18D-0C53-4037-9BDD-022BBD9BA1C2}.Release|x86.ActiveCfg = Release|Any CPU
		{7931D18D-0C53-4037-9BDD-022BBD9BA1C2}.Release|x86.Build.0 = Release|Any CPU
		{7931D18D-0C53-4037-9BDD-022BBD9BA1C2}.ReleaseNetCore|Any CPU.ActiveCfg = Release|Any CPU
		{7931D18D-0C53-4037-9BDD-022BBD9BA1C2}.ReleaseNetCore|Any CPU.Build.0 = Release|Any CPU
		{7931D18D-0C53-4037-9BDD-022BBD9BA1C2}.ReleaseNetCore|ARM.ActiveCfg = Release|Any CPU
		{7931D18D-0C53-4037-9BDD-022BBD9BA1C2}.ReleaseNetCore|ARM.Build.0 = Release|Any CPU
		{7931D18D-0C53-4037-9BDD-022BBD9BA1C2}.ReleaseNetCore|ARM64.ActiveCfg = Release|Any CPU
		{7931D18D-0C53-4037-9BDD-022BBD9BA1C2}.ReleaseNetCore|ARM64.Build.0 = Release|Any CPU
		{7931D18D-0C53-4037-9BDD-022BBD9BA1C2}.ReleaseNetCore|x64.ActiveCfg = Release|Any CPU
		{7931D18D-0C53-4037-9BDD-022BBD9BA1C2}.ReleaseNetCore|x64.Build.0 = Release|Any CPU
		{7931D18D-0C53-4037-9BDD-022BBD9BA1C2}.ReleaseNetCore|x86.ActiveCfg = Release|Any CPU
		{7931D18D-0C53-4037-9BDD-022BBD9BA1C2}.ReleaseNetCore|x86.Build.0 = Release|Any CPU
		{FAE32BF7-275A-4268-B5F2-5E0942A1C01D}.Debug|Any CPU.ActiveCfg = Debug|Any CPU
		{FAE32BF7-275A-4268-B5F2-5E0942A1C01D}.Debug|Any CPU.Build.0 = Debug|Any CPU
		{FAE32BF7-275A-4268-B5F2-5E0942A1C01D}.Debug|ARM.ActiveCfg = Debug|Any CPU
		{FAE32BF7-275A-4268-B5F2-5E0942A1C01D}.Debug|ARM.Build.0 = Debug|Any CPU
		{FAE32BF7-275A-4268-B5F2-5E0942A1C01D}.Debug|ARM64.ActiveCfg = Debug|Any CPU
		{FAE32BF7-275A-4268-B5F2-5E0942A1C01D}.Debug|ARM64.Build.0 = Debug|Any CPU
		{FAE32BF7-275A-4268-B5F2-5E0942A1C01D}.Debug|x64.ActiveCfg = Debug|Any CPU
		{FAE32BF7-275A-4268-B5F2-5E0942A1C01D}.Debug|x64.Build.0 = Debug|Any CPU
		{FAE32BF7-275A-4268-B5F2-5E0942A1C01D}.Debug|x86.ActiveCfg = Debug|Any CPU
		{FAE32BF7-275A-4268-B5F2-5E0942A1C01D}.Debug|x86.Build.0 = Debug|Any CPU
		{FAE32BF7-275A-4268-B5F2-5E0942A1C01D}.Release|Any CPU.ActiveCfg = Release|Any CPU
		{FAE32BF7-275A-4268-B5F2-5E0942A1C01D}.Release|Any CPU.Build.0 = Release|Any CPU
		{FAE32BF7-275A-4268-B5F2-5E0942A1C01D}.Release|ARM.ActiveCfg = Release|Any CPU
		{FAE32BF7-275A-4268-B5F2-5E0942A1C01D}.Release|ARM.Build.0 = Release|Any CPU
		{FAE32BF7-275A-4268-B5F2-5E0942A1C01D}.Release|ARM64.ActiveCfg = Release|Any CPU
		{FAE32BF7-275A-4268-B5F2-5E0942A1C01D}.Release|ARM64.Build.0 = Release|Any CPU
		{FAE32BF7-275A-4268-B5F2-5E0942A1C01D}.Release|x64.ActiveCfg = Release|Any CPU
		{FAE32BF7-275A-4268-B5F2-5E0942A1C01D}.Release|x64.Build.0 = Release|Any CPU
		{FAE32BF7-275A-4268-B5F2-5E0942A1C01D}.Release|x86.ActiveCfg = Release|Any CPU
		{FAE32BF7-275A-4268-B5F2-5E0942A1C01D}.Release|x86.Build.0 = Release|Any CPU
		{FAE32BF7-275A-4268-B5F2-5E0942A1C01D}.ReleaseNetCore|Any CPU.ActiveCfg = Release|Any CPU
		{FAE32BF7-275A-4268-B5F2-5E0942A1C01D}.ReleaseNetCore|ARM.ActiveCfg = Release|Any CPU
		{FAE32BF7-275A-4268-B5F2-5E0942A1C01D}.ReleaseNetCore|ARM.Build.0 = Release|Any CPU
		{FAE32BF7-275A-4268-B5F2-5E0942A1C01D}.ReleaseNetCore|ARM64.ActiveCfg = Release|Any CPU
		{FAE32BF7-275A-4268-B5F2-5E0942A1C01D}.ReleaseNetCore|ARM64.Build.0 = Release|Any CPU
		{FAE32BF7-275A-4268-B5F2-5E0942A1C01D}.ReleaseNetCore|x64.ActiveCfg = Release|Any CPU
		{FAE32BF7-275A-4268-B5F2-5E0942A1C01D}.ReleaseNetCore|x64.Build.0 = Release|Any CPU
		{FAE32BF7-275A-4268-B5F2-5E0942A1C01D}.ReleaseNetCore|x86.ActiveCfg = Release|Any CPU
		{FAE32BF7-275A-4268-B5F2-5E0942A1C01D}.ReleaseNetCore|x86.Build.0 = Release|Any CPU
		{59FBD0EE-8B35-4A6B-B7CE-CBF5B4189CC0}.Debug|Any CPU.ActiveCfg = Debug|Any CPU
		{59FBD0EE-8B35-4A6B-B7CE-CBF5B4189CC0}.Debug|Any CPU.Build.0 = Debug|Any CPU
		{59FBD0EE-8B35-4A6B-B7CE-CBF5B4189CC0}.Debug|ARM.ActiveCfg = Debug|Any CPU
		{59FBD0EE-8B35-4A6B-B7CE-CBF5B4189CC0}.Debug|ARM.Build.0 = Debug|Any CPU
		{59FBD0EE-8B35-4A6B-B7CE-CBF5B4189CC0}.Debug|ARM64.ActiveCfg = Debug|Any CPU
		{59FBD0EE-8B35-4A6B-B7CE-CBF5B4189CC0}.Debug|ARM64.Build.0 = Debug|Any CPU
		{59FBD0EE-8B35-4A6B-B7CE-CBF5B4189CC0}.Debug|x64.ActiveCfg = Debug|Any CPU
		{59FBD0EE-8B35-4A6B-B7CE-CBF5B4189CC0}.Debug|x64.Build.0 = Debug|Any CPU
		{59FBD0EE-8B35-4A6B-B7CE-CBF5B4189CC0}.Debug|x86.ActiveCfg = Debug|Any CPU
		{59FBD0EE-8B35-4A6B-B7CE-CBF5B4189CC0}.Debug|x86.Build.0 = Debug|Any CPU
		{59FBD0EE-8B35-4A6B-B7CE-CBF5B4189CC0}.Release|Any CPU.ActiveCfg = Release|Any CPU
		{59FBD0EE-8B35-4A6B-B7CE-CBF5B4189CC0}.Release|Any CPU.Build.0 = Release|Any CPU
		{59FBD0EE-8B35-4A6B-B7CE-CBF5B4189CC0}.Release|ARM.ActiveCfg = Release|Any CPU
		{59FBD0EE-8B35-4A6B-B7CE-CBF5B4189CC0}.Release|ARM.Build.0 = Release|Any CPU
		{59FBD0EE-8B35-4A6B-B7CE-CBF5B4189CC0}.Release|ARM64.ActiveCfg = Release|Any CPU
		{59FBD0EE-8B35-4A6B-B7CE-CBF5B4189CC0}.Release|ARM64.Build.0 = Release|Any CPU
		{59FBD0EE-8B35-4A6B-B7CE-CBF5B4189CC0}.Release|x64.ActiveCfg = Release|Any CPU
		{59FBD0EE-8B35-4A6B-B7CE-CBF5B4189CC0}.Release|x64.Build.0 = Release|Any CPU
		{59FBD0EE-8B35-4A6B-B7CE-CBF5B4189CC0}.Release|x86.ActiveCfg = Release|Any CPU
		{59FBD0EE-8B35-4A6B-B7CE-CBF5B4189CC0}.Release|x86.Build.0 = Release|Any CPU
		{59FBD0EE-8B35-4A6B-B7CE-CBF5B4189CC0}.ReleaseNetCore|Any CPU.ActiveCfg = Release|Any CPU
		{59FBD0EE-8B35-4A6B-B7CE-CBF5B4189CC0}.ReleaseNetCore|ARM.ActiveCfg = Release|Any CPU
		{59FBD0EE-8B35-4A6B-B7CE-CBF5B4189CC0}.ReleaseNetCore|ARM.Build.0 = Release|Any CPU
		{59FBD0EE-8B35-4A6B-B7CE-CBF5B4189CC0}.ReleaseNetCore|ARM64.ActiveCfg = Release|Any CPU
		{59FBD0EE-8B35-4A6B-B7CE-CBF5B4189CC0}.ReleaseNetCore|ARM64.Build.0 = Release|Any CPU
		{59FBD0EE-8B35-4A6B-B7CE-CBF5B4189CC0}.ReleaseNetCore|x64.ActiveCfg = Release|Any CPU
		{59FBD0EE-8B35-4A6B-B7CE-CBF5B4189CC0}.ReleaseNetCore|x64.Build.0 = Release|Any CPU
		{59FBD0EE-8B35-4A6B-B7CE-CBF5B4189CC0}.ReleaseNetCore|x86.ActiveCfg = Release|Any CPU
		{59FBD0EE-8B35-4A6B-B7CE-CBF5B4189CC0}.ReleaseNetCore|x86.Build.0 = Release|Any CPU
		{F09643AC-3890-4E35-99FC-231809C55356}.Debug|Any CPU.ActiveCfg = Debug|Any CPU
		{F09643AC-3890-4E35-99FC-231809C55356}.Debug|Any CPU.Build.0 = Debug|Any CPU
		{F09643AC-3890-4E35-99FC-231809C55356}.Debug|ARM.ActiveCfg = Debug|Any CPU
		{F09643AC-3890-4E35-99FC-231809C55356}.Debug|ARM.Build.0 = Debug|Any CPU
		{F09643AC-3890-4E35-99FC-231809C55356}.Debug|ARM64.ActiveCfg = Debug|Any CPU
		{F09643AC-3890-4E35-99FC-231809C55356}.Debug|ARM64.Build.0 = Debug|Any CPU
		{F09643AC-3890-4E35-99FC-231809C55356}.Debug|x64.ActiveCfg = Debug|Any CPU
		{F09643AC-3890-4E35-99FC-231809C55356}.Debug|x64.Build.0 = Debug|Any CPU
		{F09643AC-3890-4E35-99FC-231809C55356}.Debug|x86.ActiveCfg = Debug|Any CPU
		{F09643AC-3890-4E35-99FC-231809C55356}.Debug|x86.Build.0 = Debug|Any CPU
		{F09643AC-3890-4E35-99FC-231809C55356}.Release|Any CPU.ActiveCfg = Release|Any CPU
		{F09643AC-3890-4E35-99FC-231809C55356}.Release|Any CPU.Build.0 = Release|Any CPU
		{F09643AC-3890-4E35-99FC-231809C55356}.Release|ARM.ActiveCfg = Release|Any CPU
		{F09643AC-3890-4E35-99FC-231809C55356}.Release|ARM.Build.0 = Release|Any CPU
		{F09643AC-3890-4E35-99FC-231809C55356}.Release|ARM64.ActiveCfg = Release|Any CPU
		{F09643AC-3890-4E35-99FC-231809C55356}.Release|ARM64.Build.0 = Release|Any CPU
		{F09643AC-3890-4E35-99FC-231809C55356}.Release|x64.ActiveCfg = Release|Any CPU
		{F09643AC-3890-4E35-99FC-231809C55356}.Release|x64.Build.0 = Release|Any CPU
		{F09643AC-3890-4E35-99FC-231809C55356}.Release|x86.ActiveCfg = Release|Any CPU
		{F09643AC-3890-4E35-99FC-231809C55356}.Release|x86.Build.0 = Release|Any CPU
		{F09643AC-3890-4E35-99FC-231809C55356}.ReleaseNetCore|Any CPU.ActiveCfg = Release|Any CPU
		{F09643AC-3890-4E35-99FC-231809C55356}.ReleaseNetCore|ARM.ActiveCfg = Release|Any CPU
		{F09643AC-3890-4E35-99FC-231809C55356}.ReleaseNetCore|ARM.Build.0 = Release|Any CPU
		{F09643AC-3890-4E35-99FC-231809C55356}.ReleaseNetCore|ARM64.ActiveCfg = Release|Any CPU
		{F09643AC-3890-4E35-99FC-231809C55356}.ReleaseNetCore|ARM64.Build.0 = Release|Any CPU
		{F09643AC-3890-4E35-99FC-231809C55356}.ReleaseNetCore|x64.ActiveCfg = Release|Any CPU
		{F09643AC-3890-4E35-99FC-231809C55356}.ReleaseNetCore|x64.Build.0 = Release|Any CPU
		{F09643AC-3890-4E35-99FC-231809C55356}.ReleaseNetCore|x86.ActiveCfg = Release|Any CPU
		{F09643AC-3890-4E35-99FC-231809C55356}.ReleaseNetCore|x86.Build.0 = Release|Any CPU
		{8D381E80-E9BB-4B8E-AF8A-819C3534176C}.Debug|Any CPU.ActiveCfg = Debug|Any CPU
		{8D381E80-E9BB-4B8E-AF8A-819C3534176C}.Debug|Any CPU.Build.0 = Debug|Any CPU
		{8D381E80-E9BB-4B8E-AF8A-819C3534176C}.Debug|ARM.ActiveCfg = Debug|Any CPU
		{8D381E80-E9BB-4B8E-AF8A-819C3534176C}.Debug|ARM.Build.0 = Debug|Any CPU
		{8D381E80-E9BB-4B8E-AF8A-819C3534176C}.Debug|ARM64.ActiveCfg = Debug|Any CPU
		{8D381E80-E9BB-4B8E-AF8A-819C3534176C}.Debug|ARM64.Build.0 = Debug|Any CPU
		{8D381E80-E9BB-4B8E-AF8A-819C3534176C}.Debug|x64.ActiveCfg = Debug|Any CPU
		{8D381E80-E9BB-4B8E-AF8A-819C3534176C}.Debug|x64.Build.0 = Debug|Any CPU
		{8D381E80-E9BB-4B8E-AF8A-819C3534176C}.Debug|x86.ActiveCfg = Debug|Any CPU
		{8D381E80-E9BB-4B8E-AF8A-819C3534176C}.Debug|x86.Build.0 = Debug|Any CPU
		{8D381E80-E9BB-4B8E-AF8A-819C3534176C}.Release|Any CPU.ActiveCfg = Release|Any CPU
		{8D381E80-E9BB-4B8E-AF8A-819C3534176C}.Release|Any CPU.Build.0 = Release|Any CPU
		{8D381E80-E9BB-4B8E-AF8A-819C3534176C}.Release|ARM.ActiveCfg = Release|Any CPU
		{8D381E80-E9BB-4B8E-AF8A-819C3534176C}.Release|ARM.Build.0 = Release|Any CPU
		{8D381E80-E9BB-4B8E-AF8A-819C3534176C}.Release|ARM64.ActiveCfg = Release|Any CPU
		{8D381E80-E9BB-4B8E-AF8A-819C3534176C}.Release|ARM64.Build.0 = Release|Any CPU
		{8D381E80-E9BB-4B8E-AF8A-819C3534176C}.Release|x64.ActiveCfg = Release|Any CPU
		{8D381E80-E9BB-4B8E-AF8A-819C3534176C}.Release|x64.Build.0 = Release|Any CPU
		{8D381E80-E9BB-4B8E-AF8A-819C3534176C}.Release|x86.ActiveCfg = Release|Any CPU
		{8D381E80-E9BB-4B8E-AF8A-819C3534176C}.Release|x86.Build.0 = Release|Any CPU
		{8D381E80-E9BB-4B8E-AF8A-819C3534176C}.ReleaseNetCore|Any CPU.ActiveCfg = Release|Any CPU
		{8D381E80-E9BB-4B8E-AF8A-819C3534176C}.ReleaseNetCore|ARM.ActiveCfg = Release|Any CPU
		{8D381E80-E9BB-4B8E-AF8A-819C3534176C}.ReleaseNetCore|ARM.Build.0 = Release|Any CPU
		{8D381E80-E9BB-4B8E-AF8A-819C3534176C}.ReleaseNetCore|ARM64.ActiveCfg = Release|Any CPU
		{8D381E80-E9BB-4B8E-AF8A-819C3534176C}.ReleaseNetCore|ARM64.Build.0 = Release|Any CPU
		{8D381E80-E9BB-4B8E-AF8A-819C3534176C}.ReleaseNetCore|x64.ActiveCfg = Release|Any CPU
		{8D381E80-E9BB-4B8E-AF8A-819C3534176C}.ReleaseNetCore|x64.Build.0 = Release|Any CPU
		{8D381E80-E9BB-4B8E-AF8A-819C3534176C}.ReleaseNetCore|x86.ActiveCfg = Release|Any CPU
		{8D381E80-E9BB-4B8E-AF8A-819C3534176C}.ReleaseNetCore|x86.Build.0 = Release|Any CPU
		{8FE75191-0079-452F-B837-962FD23220E7}.Debug|Any CPU.ActiveCfg = Debug|Any CPU
		{8FE75191-0079-452F-B837-962FD23220E7}.Debug|Any CPU.Build.0 = Debug|Any CPU
		{8FE75191-0079-452F-B837-962FD23220E7}.Debug|ARM.ActiveCfg = Debug|Any CPU
		{8FE75191-0079-452F-B837-962FD23220E7}.Debug|ARM.Build.0 = Debug|Any CPU
		{8FE75191-0079-452F-B837-962FD23220E7}.Debug|ARM64.ActiveCfg = Debug|Any CPU
		{8FE75191-0079-452F-B837-962FD23220E7}.Debug|ARM64.Build.0 = Debug|Any CPU
		{8FE75191-0079-452F-B837-962FD23220E7}.Debug|x64.ActiveCfg = Debug|Any CPU
		{8FE75191-0079-452F-B837-962FD23220E7}.Debug|x64.Build.0 = Debug|Any CPU
		{8FE75191-0079-452F-B837-962FD23220E7}.Debug|x86.ActiveCfg = Debug|Any CPU
		{8FE75191-0079-452F-B837-962FD23220E7}.Debug|x86.Build.0 = Debug|Any CPU
		{8FE75191-0079-452F-B837-962FD23220E7}.Release|Any CPU.ActiveCfg = Release|Any CPU
		{8FE75191-0079-452F-B837-962FD23220E7}.Release|Any CPU.Build.0 = Release|Any CPU
		{8FE75191-0079-452F-B837-962FD23220E7}.Release|ARM.ActiveCfg = Release|Any CPU
		{8FE75191-0079-452F-B837-962FD23220E7}.Release|ARM.Build.0 = Release|Any CPU
		{8FE75191-0079-452F-B837-962FD23220E7}.Release|ARM64.ActiveCfg = Release|Any CPU
		{8FE75191-0079-452F-B837-962FD23220E7}.Release|ARM64.Build.0 = Release|Any CPU
		{8FE75191-0079-452F-B837-962FD23220E7}.Release|x64.ActiveCfg = Release|Any CPU
		{8FE75191-0079-452F-B837-962FD23220E7}.Release|x64.Build.0 = Release|Any CPU
		{8FE75191-0079-452F-B837-962FD23220E7}.Release|x86.ActiveCfg = Release|Any CPU
		{8FE75191-0079-452F-B837-962FD23220E7}.Release|x86.Build.0 = Release|Any CPU
		{8FE75191-0079-452F-B837-962FD23220E7}.ReleaseNetCore|Any CPU.ActiveCfg = Release|Any CPU
		{8FE75191-0079-452F-B837-962FD23220E7}.ReleaseNetCore|ARM.ActiveCfg = Release|Any CPU
		{8FE75191-0079-452F-B837-962FD23220E7}.ReleaseNetCore|ARM.Build.0 = Release|Any CPU
		{8FE75191-0079-452F-B837-962FD23220E7}.ReleaseNetCore|ARM64.ActiveCfg = Release|Any CPU
		{8FE75191-0079-452F-B837-962FD23220E7}.ReleaseNetCore|ARM64.Build.0 = Release|Any CPU
		{8FE75191-0079-452F-B837-962FD23220E7}.ReleaseNetCore|x64.ActiveCfg = Release|Any CPU
		{8FE75191-0079-452F-B837-962FD23220E7}.ReleaseNetCore|x64.Build.0 = Release|Any CPU
		{8FE75191-0079-452F-B837-962FD23220E7}.ReleaseNetCore|x86.ActiveCfg = Release|Any CPU
		{8FE75191-0079-452F-B837-962FD23220E7}.ReleaseNetCore|x86.Build.0 = Release|Any CPU
		{578E811C-C350-4487-B3EE-1345FEC27B67}.Debug|Any CPU.ActiveCfg = Debug|Any CPU
		{578E811C-C350-4487-B3EE-1345FEC27B67}.Debug|Any CPU.Build.0 = Debug|Any CPU
		{578E811C-C350-4487-B3EE-1345FEC27B67}.Debug|ARM.ActiveCfg = Debug|Any CPU
		{578E811C-C350-4487-B3EE-1345FEC27B67}.Debug|ARM.Build.0 = Debug|Any CPU
		{578E811C-C350-4487-B3EE-1345FEC27B67}.Debug|ARM64.ActiveCfg = Debug|Any CPU
		{578E811C-C350-4487-B3EE-1345FEC27B67}.Debug|ARM64.Build.0 = Debug|Any CPU
		{578E811C-C350-4487-B3EE-1345FEC27B67}.Debug|x64.ActiveCfg = Debug|Any CPU
		{578E811C-C350-4487-B3EE-1345FEC27B67}.Debug|x64.Build.0 = Debug|Any CPU
		{578E811C-C350-4487-B3EE-1345FEC27B67}.Debug|x86.ActiveCfg = Debug|Any CPU
		{578E811C-C350-4487-B3EE-1345FEC27B67}.Debug|x86.Build.0 = Debug|Any CPU
		{578E811C-C350-4487-B3EE-1345FEC27B67}.Release|Any CPU.ActiveCfg = Release|Any CPU
		{578E811C-C350-4487-B3EE-1345FEC27B67}.Release|Any CPU.Build.0 = Release|Any CPU
		{578E811C-C350-4487-B3EE-1345FEC27B67}.Release|ARM.ActiveCfg = Release|Any CPU
		{578E811C-C350-4487-B3EE-1345FEC27B67}.Release|ARM.Build.0 = Release|Any CPU
		{578E811C-C350-4487-B3EE-1345FEC27B67}.Release|ARM64.ActiveCfg = Release|Any CPU
		{578E811C-C350-4487-B3EE-1345FEC27B67}.Release|ARM64.Build.0 = Release|Any CPU
		{578E811C-C350-4487-B3EE-1345FEC27B67}.Release|x64.ActiveCfg = Release|Any CPU
		{578E811C-C350-4487-B3EE-1345FEC27B67}.Release|x64.Build.0 = Release|Any CPU
		{578E811C-C350-4487-B3EE-1345FEC27B67}.Release|x86.ActiveCfg = Release|Any CPU
		{578E811C-C350-4487-B3EE-1345FEC27B67}.Release|x86.Build.0 = Release|Any CPU
		{578E811C-C350-4487-B3EE-1345FEC27B67}.ReleaseNetCore|Any CPU.ActiveCfg = Release|Any CPU
		{578E811C-C350-4487-B3EE-1345FEC27B67}.ReleaseNetCore|Any CPU.Build.0 = Release|Any CPU
		{578E811C-C350-4487-B3EE-1345FEC27B67}.ReleaseNetCore|ARM.ActiveCfg = Release|Any CPU
		{578E811C-C350-4487-B3EE-1345FEC27B67}.ReleaseNetCore|ARM.Build.0 = Release|Any CPU
		{578E811C-C350-4487-B3EE-1345FEC27B67}.ReleaseNetCore|ARM64.ActiveCfg = Release|Any CPU
		{578E811C-C350-4487-B3EE-1345FEC27B67}.ReleaseNetCore|ARM64.Build.0 = Release|Any CPU
		{578E811C-C350-4487-B3EE-1345FEC27B67}.ReleaseNetCore|x64.ActiveCfg = Release|Any CPU
		{578E811C-C350-4487-B3EE-1345FEC27B67}.ReleaseNetCore|x64.Build.0 = Release|Any CPU
		{578E811C-C350-4487-B3EE-1345FEC27B67}.ReleaseNetCore|x86.ActiveCfg = Release|Any CPU
		{578E811C-C350-4487-B3EE-1345FEC27B67}.ReleaseNetCore|x86.Build.0 = Release|Any CPU
		{AF91A2D4-58D3-4772-A41A-7EF0139CD0F2}.Debug|Any CPU.ActiveCfg = Debug|Any CPU
		{AF91A2D4-58D3-4772-A41A-7EF0139CD0F2}.Debug|Any CPU.Build.0 = Debug|Any CPU
		{AF91A2D4-58D3-4772-A41A-7EF0139CD0F2}.Debug|ARM.ActiveCfg = Debug|Any CPU
		{AF91A2D4-58D3-4772-A41A-7EF0139CD0F2}.Debug|ARM.Build.0 = Debug|Any CPU
		{AF91A2D4-58D3-4772-A41A-7EF0139CD0F2}.Debug|ARM64.ActiveCfg = Debug|Any CPU
		{AF91A2D4-58D3-4772-A41A-7EF0139CD0F2}.Debug|ARM64.Build.0 = Debug|Any CPU
		{AF91A2D4-58D3-4772-A41A-7EF0139CD0F2}.Debug|x64.ActiveCfg = Debug|Any CPU
		{AF91A2D4-58D3-4772-A41A-7EF0139CD0F2}.Debug|x64.Build.0 = Debug|Any CPU
		{AF91A2D4-58D3-4772-A41A-7EF0139CD0F2}.Debug|x86.ActiveCfg = Debug|Any CPU
		{AF91A2D4-58D3-4772-A41A-7EF0139CD0F2}.Debug|x86.Build.0 = Debug|Any CPU
		{AF91A2D4-58D3-4772-A41A-7EF0139CD0F2}.Release|Any CPU.ActiveCfg = Release|Any CPU
		{AF91A2D4-58D3-4772-A41A-7EF0139CD0F2}.Release|Any CPU.Build.0 = Release|Any CPU
		{AF91A2D4-58D3-4772-A41A-7EF0139CD0F2}.Release|ARM.ActiveCfg = Release|Any CPU
		{AF91A2D4-58D3-4772-A41A-7EF0139CD0F2}.Release|ARM.Build.0 = Release|Any CPU
		{AF91A2D4-58D3-4772-A41A-7EF0139CD0F2}.Release|ARM64.ActiveCfg = Release|Any CPU
		{AF91A2D4-58D3-4772-A41A-7EF0139CD0F2}.Release|ARM64.Build.0 = Release|Any CPU
		{AF91A2D4-58D3-4772-A41A-7EF0139CD0F2}.Release|x64.ActiveCfg = Release|Any CPU
		{AF91A2D4-58D3-4772-A41A-7EF0139CD0F2}.Release|x64.Build.0 = Release|Any CPU
		{AF91A2D4-58D3-4772-A41A-7EF0139CD0F2}.Release|x86.ActiveCfg = Release|Any CPU
		{AF91A2D4-58D3-4772-A41A-7EF0139CD0F2}.Release|x86.Build.0 = Release|Any CPU
		{AF91A2D4-58D3-4772-A41A-7EF0139CD0F2}.ReleaseNetCore|Any CPU.ActiveCfg = Release|Any CPU
		{AF91A2D4-58D3-4772-A41A-7EF0139CD0F2}.ReleaseNetCore|ARM.ActiveCfg = Release|Any CPU
		{AF91A2D4-58D3-4772-A41A-7EF0139CD0F2}.ReleaseNetCore|ARM.Build.0 = Release|Any CPU
		{AF91A2D4-58D3-4772-A41A-7EF0139CD0F2}.ReleaseNetCore|ARM64.ActiveCfg = Release|Any CPU
		{AF91A2D4-58D3-4772-A41A-7EF0139CD0F2}.ReleaseNetCore|ARM64.Build.0 = Release|Any CPU
		{AF91A2D4-58D3-4772-A41A-7EF0139CD0F2}.ReleaseNetCore|x64.ActiveCfg = Release|Any CPU
		{AF91A2D4-58D3-4772-A41A-7EF0139CD0F2}.ReleaseNetCore|x64.Build.0 = Release|Any CPU
		{AF91A2D4-58D3-4772-A41A-7EF0139CD0F2}.ReleaseNetCore|x86.ActiveCfg = Release|Any CPU
		{AF91A2D4-58D3-4772-A41A-7EF0139CD0F2}.ReleaseNetCore|x86.Build.0 = Release|Any CPU
		{C5BDEAA2-7DB7-45B1-B403-CB0FE7908130}.Debug|Any CPU.ActiveCfg = Debug|Any CPU
		{C5BDEAA2-7DB7-45B1-B403-CB0FE7908130}.Debug|Any CPU.Build.0 = Debug|Any CPU
		{C5BDEAA2-7DB7-45B1-B403-CB0FE7908130}.Debug|ARM.ActiveCfg = Debug|Any CPU
		{C5BDEAA2-7DB7-45B1-B403-CB0FE7908130}.Debug|ARM.Build.0 = Debug|Any CPU
		{C5BDEAA2-7DB7-45B1-B403-CB0FE7908130}.Debug|ARM64.ActiveCfg = Debug|Any CPU
		{C5BDEAA2-7DB7-45B1-B403-CB0FE7908130}.Debug|ARM64.Build.0 = Debug|Any CPU
		{C5BDEAA2-7DB7-45B1-B403-CB0FE7908130}.Debug|x64.ActiveCfg = Debug|Any CPU
		{C5BDEAA2-7DB7-45B1-B403-CB0FE7908130}.Debug|x64.Build.0 = Debug|Any CPU
		{C5BDEAA2-7DB7-45B1-B403-CB0FE7908130}.Debug|x86.ActiveCfg = Debug|Any CPU
		{C5BDEAA2-7DB7-45B1-B403-CB0FE7908130}.Debug|x86.Build.0 = Debug|Any CPU
		{C5BDEAA2-7DB7-45B1-B403-CB0FE7908130}.Release|Any CPU.ActiveCfg = Release|Any CPU
		{C5BDEAA2-7DB7-45B1-B403-CB0FE7908130}.Release|Any CPU.Build.0 = Release|Any CPU
		{C5BDEAA2-7DB7-45B1-B403-CB0FE7908130}.Release|ARM.ActiveCfg = Release|Any CPU
		{C5BDEAA2-7DB7-45B1-B403-CB0FE7908130}.Release|ARM.Build.0 = Release|Any CPU
		{C5BDEAA2-7DB7-45B1-B403-CB0FE7908130}.Release|ARM64.ActiveCfg = Release|Any CPU
		{C5BDEAA2-7DB7-45B1-B403-CB0FE7908130}.Release|ARM64.Build.0 = Release|Any CPU
		{C5BDEAA2-7DB7-45B1-B403-CB0FE7908130}.Release|x64.ActiveCfg = Release|Any CPU
		{C5BDEAA2-7DB7-45B1-B403-CB0FE7908130}.Release|x64.Build.0 = Release|Any CPU
		{C5BDEAA2-7DB7-45B1-B403-CB0FE7908130}.Release|x86.ActiveCfg = Release|Any CPU
		{C5BDEAA2-7DB7-45B1-B403-CB0FE7908130}.Release|x86.Build.0 = Release|Any CPU
		{C5BDEAA2-7DB7-45B1-B403-CB0FE7908130}.ReleaseNetCore|Any CPU.ActiveCfg = Release|Any CPU
		{C5BDEAA2-7DB7-45B1-B403-CB0FE7908130}.ReleaseNetCore|Any CPU.Build.0 = Release|Any CPU
		{C5BDEAA2-7DB7-45B1-B403-CB0FE7908130}.ReleaseNetCore|ARM.ActiveCfg = Release|Any CPU
		{C5BDEAA2-7DB7-45B1-B403-CB0FE7908130}.ReleaseNetCore|ARM.Build.0 = Release|Any CPU
		{C5BDEAA2-7DB7-45B1-B403-CB0FE7908130}.ReleaseNetCore|ARM64.ActiveCfg = Release|Any CPU
		{C5BDEAA2-7DB7-45B1-B403-CB0FE7908130}.ReleaseNetCore|ARM64.Build.0 = Release|Any CPU
		{C5BDEAA2-7DB7-45B1-B403-CB0FE7908130}.ReleaseNetCore|x64.ActiveCfg = Release|Any CPU
		{C5BDEAA2-7DB7-45B1-B403-CB0FE7908130}.ReleaseNetCore|x64.Build.0 = Release|Any CPU
		{C5BDEAA2-7DB7-45B1-B403-CB0FE7908130}.ReleaseNetCore|x86.ActiveCfg = Release|Any CPU
		{C5BDEAA2-7DB7-45B1-B403-CB0FE7908130}.ReleaseNetCore|x86.Build.0 = Release|Any CPU
		{6E5EB9C2-705E-48F2-9A53-7957F33540B0}.Debug|Any CPU.ActiveCfg = Debug|Any CPU
		{6E5EB9C2-705E-48F2-9A53-7957F33540B0}.Debug|Any CPU.Build.0 = Debug|Any CPU
		{6E5EB9C2-705E-48F2-9A53-7957F33540B0}.Debug|ARM.ActiveCfg = Debug|Any CPU
		{6E5EB9C2-705E-48F2-9A53-7957F33540B0}.Debug|ARM.Build.0 = Debug|Any CPU
		{6E5EB9C2-705E-48F2-9A53-7957F33540B0}.Debug|ARM64.ActiveCfg = Debug|Any CPU
		{6E5EB9C2-705E-48F2-9A53-7957F33540B0}.Debug|ARM64.Build.0 = Debug|Any CPU
		{6E5EB9C2-705E-48F2-9A53-7957F33540B0}.Debug|x64.ActiveCfg = Debug|Any CPU
		{6E5EB9C2-705E-48F2-9A53-7957F33540B0}.Debug|x64.Build.0 = Debug|Any CPU
		{6E5EB9C2-705E-48F2-9A53-7957F33540B0}.Debug|x86.ActiveCfg = Debug|Any CPU
		{6E5EB9C2-705E-48F2-9A53-7957F33540B0}.Debug|x86.Build.0 = Debug|Any CPU
		{6E5EB9C2-705E-48F2-9A53-7957F33540B0}.Release|Any CPU.ActiveCfg = Release|Any CPU
		{6E5EB9C2-705E-48F2-9A53-7957F33540B0}.Release|Any CPU.Build.0 = Release|Any CPU
		{6E5EB9C2-705E-48F2-9A53-7957F33540B0}.Release|ARM.ActiveCfg = Release|Any CPU
		{6E5EB9C2-705E-48F2-9A53-7957F33540B0}.Release|ARM.Build.0 = Release|Any CPU
		{6E5EB9C2-705E-48F2-9A53-7957F33540B0}.Release|ARM64.ActiveCfg = Release|Any CPU
		{6E5EB9C2-705E-48F2-9A53-7957F33540B0}.Release|ARM64.Build.0 = Release|Any CPU
		{6E5EB9C2-705E-48F2-9A53-7957F33540B0}.Release|x64.ActiveCfg = Release|Any CPU
		{6E5EB9C2-705E-48F2-9A53-7957F33540B0}.Release|x64.Build.0 = Release|Any CPU
		{6E5EB9C2-705E-48F2-9A53-7957F33540B0}.Release|x86.ActiveCfg = Release|Any CPU
		{6E5EB9C2-705E-48F2-9A53-7957F33540B0}.Release|x86.Build.0 = Release|Any CPU
		{6E5EB9C2-705E-48F2-9A53-7957F33540B0}.ReleaseNetCore|Any CPU.ActiveCfg = Release|Any CPU
		{6E5EB9C2-705E-48F2-9A53-7957F33540B0}.ReleaseNetCore|ARM.ActiveCfg = Release|Any CPU
		{6E5EB9C2-705E-48F2-9A53-7957F33540B0}.ReleaseNetCore|ARM.Build.0 = Release|Any CPU
		{6E5EB9C2-705E-48F2-9A53-7957F33540B0}.ReleaseNetCore|ARM64.ActiveCfg = Release|Any CPU
		{6E5EB9C2-705E-48F2-9A53-7957F33540B0}.ReleaseNetCore|ARM64.Build.0 = Release|Any CPU
		{6E5EB9C2-705E-48F2-9A53-7957F33540B0}.ReleaseNetCore|x64.ActiveCfg = Release|Any CPU
		{6E5EB9C2-705E-48F2-9A53-7957F33540B0}.ReleaseNetCore|x64.Build.0 = Release|Any CPU
		{6E5EB9C2-705E-48F2-9A53-7957F33540B0}.ReleaseNetCore|x86.ActiveCfg = Release|Any CPU
		{6E5EB9C2-705E-48F2-9A53-7957F33540B0}.ReleaseNetCore|x86.Build.0 = Release|Any CPU
		{16C798AA-DBAB-4752-A055-68087BB5AAA2}.Debug|Any CPU.ActiveCfg = Debug|Any CPU
		{16C798AA-DBAB-4752-A055-68087BB5AAA2}.Debug|Any CPU.Build.0 = Debug|Any CPU
		{16C798AA-DBAB-4752-A055-68087BB5AAA2}.Debug|ARM.ActiveCfg = Debug|Any CPU
		{16C798AA-DBAB-4752-A055-68087BB5AAA2}.Debug|ARM.Build.0 = Debug|Any CPU
		{16C798AA-DBAB-4752-A055-68087BB5AAA2}.Debug|ARM64.ActiveCfg = Debug|Any CPU
		{16C798AA-DBAB-4752-A055-68087BB5AAA2}.Debug|ARM64.Build.0 = Debug|Any CPU
		{16C798AA-DBAB-4752-A055-68087BB5AAA2}.Debug|x64.ActiveCfg = Debug|Any CPU
		{16C798AA-DBAB-4752-A055-68087BB5AAA2}.Debug|x64.Build.0 = Debug|Any CPU
		{16C798AA-DBAB-4752-A055-68087BB5AAA2}.Debug|x86.ActiveCfg = Debug|Any CPU
		{16C798AA-DBAB-4752-A055-68087BB5AAA2}.Debug|x86.Build.0 = Debug|Any CPU
		{16C798AA-DBAB-4752-A055-68087BB5AAA2}.Release|Any CPU.ActiveCfg = Release|Any CPU
		{16C798AA-DBAB-4752-A055-68087BB5AAA2}.Release|Any CPU.Build.0 = Release|Any CPU
		{16C798AA-DBAB-4752-A055-68087BB5AAA2}.Release|ARM.ActiveCfg = Release|Any CPU
		{16C798AA-DBAB-4752-A055-68087BB5AAA2}.Release|ARM.Build.0 = Release|Any CPU
		{16C798AA-DBAB-4752-A055-68087BB5AAA2}.Release|ARM64.ActiveCfg = Release|Any CPU
		{16C798AA-DBAB-4752-A055-68087BB5AAA2}.Release|ARM64.Build.0 = Release|Any CPU
		{16C798AA-DBAB-4752-A055-68087BB5AAA2}.Release|x64.ActiveCfg = Release|Any CPU
		{16C798AA-DBAB-4752-A055-68087BB5AAA2}.Release|x64.Build.0 = Release|Any CPU
		{16C798AA-DBAB-4752-A055-68087BB5AAA2}.Release|x86.ActiveCfg = Release|Any CPU
		{16C798AA-DBAB-4752-A055-68087BB5AAA2}.Release|x86.Build.0 = Release|Any CPU
		{16C798AA-DBAB-4752-A055-68087BB5AAA2}.ReleaseNetCore|Any CPU.ActiveCfg = Release|Any CPU
		{16C798AA-DBAB-4752-A055-68087BB5AAA2}.ReleaseNetCore|Any CPU.Build.0 = Release|Any CPU
		{16C798AA-DBAB-4752-A055-68087BB5AAA2}.ReleaseNetCore|ARM.ActiveCfg = Release|Any CPU
		{16C798AA-DBAB-4752-A055-68087BB5AAA2}.ReleaseNetCore|ARM.Build.0 = Release|Any CPU
		{16C798AA-DBAB-4752-A055-68087BB5AAA2}.ReleaseNetCore|ARM64.ActiveCfg = Release|Any CPU
		{16C798AA-DBAB-4752-A055-68087BB5AAA2}.ReleaseNetCore|ARM64.Build.0 = Release|Any CPU
		{16C798AA-DBAB-4752-A055-68087BB5AAA2}.ReleaseNetCore|x64.ActiveCfg = Release|Any CPU
		{16C798AA-DBAB-4752-A055-68087BB5AAA2}.ReleaseNetCore|x64.Build.0 = Release|Any CPU
		{16C798AA-DBAB-4752-A055-68087BB5AAA2}.ReleaseNetCore|x86.ActiveCfg = Release|Any CPU
		{16C798AA-DBAB-4752-A055-68087BB5AAA2}.ReleaseNetCore|x86.Build.0 = Release|Any CPU
	EndGlobalSection
	GlobalSection(SolutionProperties) = preSolution
		HideSolutionNode = FALSE
	EndGlobalSection
	GlobalSection(ExtensibilityGlobals) = postSolution
		SolutionGuid = {345B3A84-DB0C-4BB3-AD82-EDA762D35493}
	EndGlobalSection
	GlobalSection(CodealikeProperties) = postSolution
		SolutionGuid = 2f38512b-20a3-4f87-a0bf-c9e919c18c12
	EndGlobalSection
	GlobalSection(MonoDevelopProperties) = preSolution
		StartupItem = PropertyChangedSample\PropertyChangedSample.csproj
	EndGlobalSection
EndGlobal
