Microsoft Visual Studio Solution File, Format Version 12.00
# Visual Studio Version 16
VisualStudioVersion = 16.0.29201.188
MinimumVisualStudioVersion = 16.0.29201.188
Project("{9A19103F-16F7-4668-BE54-9A1E7A4F7556}") = "Weavers", "Weavers\Weavers.csproj", "{480773F7-4696-4B7E-BE33-11005417BE13}"
EndProject
Project("{9A19103F-16F7-4668-BE54-9A1E7A4F7556}") = "Samples", "Samples\Samples.csproj", "{0442EB29-A385-41FD-BBBF-936C562235A8}"
	ProjectSection(ProjectDependencies) = postProject
		{480773F7-4696-4B7E-BE33-11005417BE13} = {480773F7-4696-4B7E-BE33-11005417BE13}
	EndProjectSection
EndProject
Project("{9A19103F-16F7-4668-BE54-9A1E7A4F7556}") = "CosturaSample", "CosturaSample\CosturaSample.csproj", "{8C6D118C-4FB5-4334-8DB7-BFEFADAC41F8}"
EndProject
Project("{9A19103F-16F7-4668-BE54-9A1E7A4F7556}") = "CosturaAssemblyToReference", "CosturaAssemblyToReference\CosturaAssemblyToReference.csproj", "{84D7F752-71BE-45D1-89B1-6514508CC5EA}"
EndProject
Project("{9A19103F-16F7-4668-BE54-9A1E7A4F7556}") = "NullGuardSample", "NullGuardSample\NullGuardSample.csproj", "{F82F7891-C5D2-4D02-A766-8ADEBAAE3DFF}"
EndProject
Project("{9A19103F-16F7-4668-BE54-9A1E7A4F7556}") = "InlineILSample", "InlineILSample\InlineILSample.csproj", "{7931D18D-0C53-4037-9BDD-022BBD9BA1C2}"
EndProject
Project("{9A19103F-16F7-4668-BE54-9A1E7A4F7556}") = "ThrottleSample", "ThrottleSample\ThrottleSample.csproj", "{F09643AC-3890-4E35-99FC-231809C55356}"
EndProject
Project("{9A19103F-16F7-4668-BE54-9A1E7A4F7556}") = "CatelSample", "CatelSample\CatelSample.csproj", "{8D381E80-E9BB-4B8E-AF8A-819C3534176C}"
EndProject
Project("{9A19103F-16F7-4668-BE54-9A1E7A4F7556}") = "AutoPropertiesSample", "AutoPropertiesSample\AutoPropertiesSample.csproj", "{8FE75191-0079-452F-B837-962FD23220E7}"
EndProject
Project("{9A19103F-16F7-4668-BE54-9A1E7A4F7556}") = "WeakEventHandlerSample", "WeakEventHandlerSample\WeakEventHandlerSample.csproj", "{578E811C-C350-4487-B3EE-1345FEC27B67}"
EndProject
Project("{9A19103F-16F7-4668-BE54-9A1E7A4F7556}") = "ToStringSample", "ToStringSample\ToStringSample.csproj", "{AF91A2D4-58D3-4772-A41A-7EF0139CD0F2}"
EndProject
Project("{9A19103F-16F7-4668-BE54-9A1E7A4F7556}") = "InSolutionWeaving", "InSolutionWeaving\InSolutionWeaving.csproj", "{6E5EB9C2-705E-48F2-9A53-7957F33540B0}"
EndProject
Project("{2150E333-8FDC-42A3-9474-1A3956D46DE8}") = "Solution Items", "Solution Items", "{FC6E6AEA-BFCA-4E64-B8EE-5A4223EE75FB}"
	ProjectSection(SolutionItems) = preProject
		Directory.Build.props = Directory.Build.props
		.editorconfig = .editorconfig
		appveyor.yml = appveyor.yml
	EndProjectSection
EndProject
Project("{9A19103F-16F7-4668-BE54-9A1E7A4F7556}") = "LocalsInitSample", "LocalsInitSample\LocalsInitSample.csproj", "{DC05FD6E-9FEE-4BB9-910A-A305E61ED33C}"
EndProject
Project("{9A19103F-16F7-4668-BE54-9A1E7A4F7556}") = "ReactiveUISample", "ReactiveUISample\ReactiveUISample.csproj", "{0A2F7C38-8F55-44FA-BE5C-6CE9BBF3AD1A}"
EndProject
Project("{FAE04EC0-301F-11D3-BF4B-00C04F79EFBC}") = "MethodDecoratorSample", "MethodDecoratorSample\MethodDecoratorSample.csproj", "{E3F286A2-556C-492A-8836-6819B38140B3}"
EndProject
Global
	GlobalSection(SolutionConfigurationPlatforms) = preSolution
		Debug|Any CPU = Debug|Any CPU
		Release|Any CPU = Release|Any CPU
		ReleaseNetCore|Any CPU = ReleaseNetCore|Any CPU
	EndGlobalSection
	GlobalSection(ProjectConfigurationPlatforms) = postSolution
		{480773F7-4696-4B7E-BE33-11005417BE13}.Debug|Any CPU.ActiveCfg = Debug|Any CPU
		{480773F7-4696-4B7E-BE33-11005417BE13}.Debug|Any CPU.Build.0 = Debug|Any CPU
		{480773F7-4696-4B7E-BE33-11005417BE13}.Release|Any CPU.ActiveCfg = Release|Any CPU
		{480773F7-4696-4B7E-BE33-11005417BE13}.Release|Any CPU.Build.0 = Release|Any CPU
		{480773F7-4696-4B7E-BE33-11005417BE13}.ReleaseNetCore|Any CPU.ActiveCfg = Release|Any CPU
		{0442EB29-A385-41FD-BBBF-936C562235A8}.Debug|Any CPU.ActiveCfg = Debug|Any CPU
		{0442EB29-A385-41FD-BBBF-936C562235A8}.Debug|Any CPU.Build.0 = Debug|Any CPU
		{0442EB29-A385-41FD-BBBF-936C562235A8}.Release|Any CPU.ActiveCfg = Release|Any CPU
		{0442EB29-A385-41FD-BBBF-936C562235A8}.Release|Any CPU.Build.0 = Release|Any CPU
		{0442EB29-A385-41FD-BBBF-936C562235A8}.ReleaseNetCore|Any CPU.ActiveCfg = Release|Any CPU
		{0442EB29-A385-41FD-BBBF-936C562235A8}.ReleaseNetCore|Any CPU.Build.0 = Release|Any CPU
		{8C6D118C-4FB5-4334-8DB7-BFEFADAC41F8}.Debug|Any CPU.ActiveCfg = Debug|Any CPU
		{8C6D118C-4FB5-4334-8DB7-BFEFADAC41F8}.Debug|Any CPU.Build.0 = Debug|Any CPU
		{8C6D118C-4FB5-4334-8DB7-BFEFADAC41F8}.Release|Any CPU.ActiveCfg = Release|Any CPU
		{8C6D118C-4FB5-4334-8DB7-BFEFADAC41F8}.Release|Any CPU.Build.0 = Release|Any CPU
		{8C6D118C-4FB5-4334-8DB7-BFEFADAC41F8}.ReleaseNetCore|Any CPU.ActiveCfg = Release|Any CPU
		{84D7F752-71BE-45D1-89B1-6514508CC5EA}.Debug|Any CPU.ActiveCfg = Debug|Any CPU
		{84D7F752-71BE-45D1-89B1-6514508CC5EA}.Debug|Any CPU.Build.0 = Debug|Any CPU
		{84D7F752-71BE-45D1-89B1-6514508CC5EA}.Release|Any CPU.ActiveCfg = Release|Any CPU
		{84D7F752-71BE-45D1-89B1-6514508CC5EA}.Release|Any CPU.Build.0 = Release|Any CPU
		{84D7F752-71BE-45D1-89B1-6514508CC5EA}.ReleaseNetCore|Any CPU.ActiveCfg = Release|Any CPU
		{F82F7891-C5D2-4D02-A766-8ADEBAAE3DFF}.Debug|Any CPU.ActiveCfg = Debug|Any CPU
		{F82F7891-C5D2-4D02-A766-8ADEBAAE3DFF}.Debug|Any CPU.Build.0 = Debug|Any CPU
		{F82F7891-C5D2-4D02-A766-8ADEBAAE3DFF}.Release|Any CPU.ActiveCfg = Release|Any CPU
		{F82F7891-C5D2-4D02-A766-8ADEBAAE3DFF}.Release|Any CPU.Build.0 = Release|Any CPU
		{F82F7891-C5D2-4D02-A766-8ADEBAAE3DFF}.ReleaseNetCore|Any CPU.ActiveCfg = Release|Any CPU
		{7931D18D-0C53-4037-9BDD-022BBD9BA1C2}.Debug|Any CPU.ActiveCfg = Debug|Any CPU
		{7931D18D-0C53-4037-9BDD-022BBD9BA1C2}.Debug|Any CPU.Build.0 = Debug|Any CPU
		{7931D18D-0C53-4037-9BDD-022BBD9BA1C2}.Release|Any CPU.ActiveCfg = Release|Any CPU
		{7931D18D-0C53-4037-9BDD-022BBD9BA1C2}.Release|Any CPU.Build.0 = Release|Any CPU
		{7931D18D-0C53-4037-9BDD-022BBD9BA1C2}.ReleaseNetCore|Any CPU.ActiveCfg = Release|Any CPU
		{F09643AC-3890-4E35-99FC-231809C55356}.Debug|Any CPU.ActiveCfg = Debug|Any CPU
		{F09643AC-3890-4E35-99FC-231809C55356}.Debug|Any CPU.Build.0 = Debug|Any CPU
		{F09643AC-3890-4E35-99FC-231809C55356}.Release|Any CPU.ActiveCfg = Release|Any CPU
		{F09643AC-3890-4E35-99FC-231809C55356}.Release|Any CPU.Build.0 = Release|Any CPU
		{F09643AC-3890-4E35-99FC-231809C55356}.ReleaseNetCore|Any CPU.ActiveCfg = Release|Any CPU
		{8D381E80-E9BB-4B8E-AF8A-819C3534176C}.Debug|Any CPU.ActiveCfg = Debug|Any CPU
		{8D381E80-E9BB-4B8E-AF8A-819C3534176C}.Debug|Any CPU.Build.0 = Debug|Any CPU
		{8D381E80-E9BB-4B8E-AF8A-819C3534176C}.Release|Any CPU.ActiveCfg = Release|Any CPU
		{8D381E80-E9BB-4B8E-AF8A-819C3534176C}.Release|Any CPU.Build.0 = Release|Any CPU
		{8D381E80-E9BB-4B8E-AF8A-819C3534176C}.ReleaseNetCore|Any CPU.ActiveCfg = Release|Any CPU
		{8FE75191-0079-452F-B837-962FD23220E7}.Debug|Any CPU.ActiveCfg = Debug|Any CPU
		{8FE75191-0079-452F-B837-962FD23220E7}.Debug|Any CPU.Build.0 = Debug|Any CPU
		{8FE75191-0079-452F-B837-962FD23220E7}.Release|Any CPU.ActiveCfg = Release|Any CPU
		{8FE75191-0079-452F-B837-962FD23220E7}.Release|Any CPU.Build.0 = Release|Any CPU
		{8FE75191-0079-452F-B837-962FD23220E7}.ReleaseNetCore|Any CPU.ActiveCfg = Release|Any CPU
		{578E811C-C350-4487-B3EE-1345FEC27B67}.Debug|Any CPU.ActiveCfg = Debug|Any CPU
		{578E811C-C350-4487-B3EE-1345FEC27B67}.Debug|Any CPU.Build.0 = Debug|Any CPU
		{578E811C-C350-4487-B3EE-1345FEC27B67}.Release|Any CPU.ActiveCfg = Release|Any CPU
		{578E811C-C350-4487-B3EE-1345FEC27B67}.Release|Any CPU.Build.0 = Release|Any CPU
		{578E811C-C350-4487-B3EE-1345FEC27B67}.ReleaseNetCore|Any CPU.ActiveCfg = Release|Any CPU
		{AF91A2D4-58D3-4772-A41A-7EF0139CD0F2}.Debug|Any CPU.ActiveCfg = Debug|Any CPU
		{AF91A2D4-58D3-4772-A41A-7EF0139CD0F2}.Debug|Any CPU.Build.0 = Debug|Any CPU
		{AF91A2D4-58D3-4772-A41A-7EF0139CD0F2}.Release|Any CPU.ActiveCfg = Release|Any CPU
		{AF91A2D4-58D3-4772-A41A-7EF0139CD0F2}.Release|Any CPU.Build.0 = Release|Any CPU
		{AF91A2D4-58D3-4772-A41A-7EF0139CD0F2}.ReleaseNetCore|Any CPU.ActiveCfg = Release|Any CPU
		{6E5EB9C2-705E-48F2-9A53-7957F33540B0}.Debug|Any CPU.ActiveCfg = Debug|Any CPU
		{6E5EB9C2-705E-48F2-9A53-7957F33540B0}.Debug|Any CPU.Build.0 = Debug|Any CPU
		{6E5EB9C2-705E-48F2-9A53-7957F33540B0}.Release|Any CPU.ActiveCfg = Release|Any CPU
		{6E5EB9C2-705E-48F2-9A53-7957F33540B0}.Release|Any CPU.Build.0 = Release|Any CPU
		{6E5EB9C2-705E-48F2-9A53-7957F33540B0}.ReleaseNetCore|Any CPU.ActiveCfg = Release|Any CPU
		{DC05FD6E-9FEE-4BB9-910A-A305E61ED33C}.Debug|Any CPU.ActiveCfg = Debug|Any CPU
		{DC05FD6E-9FEE-4BB9-910A-A305E61ED33C}.Debug|Any CPU.Build.0 = Debug|Any CPU
		{DC05FD6E-9FEE-4BB9-910A-A305E61ED33C}.Release|Any CPU.ActiveCfg = Release|Any CPU
		{DC05FD6E-9FEE-4BB9-910A-A305E61ED33C}.Release|Any CPU.Build.0 = Release|Any CPU
		{DC05FD6E-9FEE-4BB9-910A-A305E61ED33C}.ReleaseNetCore|Any CPU.ActiveCfg = Release|Any CPU
		{0A2F7C38-8F55-44FA-BE5C-6CE9BBF3AD1A}.Debug|Any CPU.ActiveCfg = Debug|Any CPU
		{0A2F7C38-8F55-44FA-BE5C-6CE9BBF3AD1A}.Debug|Any CPU.Build.0 = Debug|Any CPU
		{0A2F7C38-8F55-44FA-BE5C-6CE9BBF3AD1A}.Release|Any CPU.ActiveCfg = Release|Any CPU
		{0A2F7C38-8F55-44FA-BE5C-6CE9BBF3AD1A}.Release|Any CPU.Build.0 = Release|Any CPU
		{0A2F7C38-8F55-44FA-BE5C-6CE9BBF3AD1A}.ReleaseNetCore|Any CPU.ActiveCfg = Release|Any CPU
		{0A2F7C38-8F55-44FA-BE5C-6CE9BBF3AD1A}.ReleaseNetCore|Any CPU.Build.0 = Release|Any CPU
		{E3F286A2-556C-492A-8836-6819B38140B3}.Debug|Any CPU.ActiveCfg = Debug|Any CPU
		{E3F286A2-556C-492A-8836-6819B38140B3}.Debug|Any CPU.Build.0 = Debug|Any CPU
		{E3F286A2-556C-492A-8836-6819B38140B3}.Release|Any CPU.ActiveCfg = Release|Any CPU
		{E3F286A2-556C-492A-8836-6819B38140B3}.Release|Any CPU.Build.0 = Release|Any CPU
		{E3F286A2-556C-492A-8836-6819B38140B3}.ReleaseNetCore|Any CPU.ActiveCfg = Debug|Any CPU
		{E3F286A2-556C-492A-8836-6819B38140B3}.ReleaseNetCore|Any CPU.Build.0 = Debug|Any CPU
	EndGlobalSection
	GlobalSection(SolutionProperties) = preSolution
		HideSolutionNode = FALSE
	EndGlobalSection
	GlobalSection(ExtensibilityGlobals) = postSolution
		SolutionGuid = {345B3A84-DB0C-4BB3-AD82-EDA762D35493}
	EndGlobalSection
	GlobalSection(CodealikeProperties) = postSolution
		SolutionGuid = 2f38512b-20a3-4f87-a0bf-c9e919c18c12
	EndGlobalSection
	GlobalSection(MonoDevelopProperties) = preSolution
		StartupItem = PropertyChangedSample\PropertyChangedSample.csproj
	EndGlobalSection
EndGlobal
