
Microsoft Visual Studio Solution File, Format Version 12.00
# Visual Studio 15
VisualStudioVersion = 15.0.27130.2010
MinimumVisualStudioVersion = 10.0.40219.1
Project("{2150E333-8FDC-42A3-9474-1A3956D46DE8}") = ".paket", ".paket", "{86189103-9D2A-439C-9058-602F1D1438E2}"
	ProjectSection(SolutionItems) = preProject
		..\paket.dependencies = ..\paket.dependencies
	EndProjectSection
EndProject
Project("{FAE04EC0-301F-11D3-BF4B-00C04F79EFBC}") = "PaketTest", "..\Sources\PaketTest\PaketTest.csproj", "{6E09D811-5038-4D60-9515-56EB6F46A3A7}"
EndProject
Global
	GlobalSection(SolutionConfigurationPlatforms) = preSolution
		Debug|Any CPU = Debug|Any CPU
		Release|Any CPU = Release|Any CPU
	EndGlobalSection
	GlobalSection(ProjectConfigurationPlatforms) = postSolution
		{6E09D811-5038-4D60-9515-56EB6F46A3A7}.Debug|Any CPU.ActiveCfg = Debug|Any CPU
		{6E09D811-5038-4D60-9515-56EB6F46A3A7}.Debug|Any CPU.Build.0 = Debug|Any CPU
		{6E09D811-5038-4D60-9515-56EB6F46A3A7}.Release|Any CPU.ActiveCfg = Release|Any CPU
		{6E09D811-5038-4D60-9515-56EB6F46A3A7}.Release|Any CPU.Build.0 = Release|Any CPU
	EndGlobalSection
	GlobalSection(SolutionProperties) = preSolution
		HideSolutionNode = FALSE
	EndGlobalSection
	GlobalSection(ExtensibilityGlobals) = postSolution
		SolutionGuid = {C0021939-CDD6-42F1-9322-232C8FC7515C}
	EndGlobalSection
EndGlobal
